<?xml version="1.0" encoding="utf-8"?>
<Project ToolsVersion="4.0" xmlns="http://schemas.microsoft.com/developer/msbuild/2003">
  <ItemGroup>
    <ClCompile Include="src\main.cpp" />
    <ClCompile Include="src\animation.cpp" />
    <ClCompile Include="src\base.cpp" />
    <ClCompile Include="src\building.cpp" />
    <ClCompile Include="src\button.cpp" />
    <ClCompile Include="src\game.cpp" />
    <ClCompile Include="src\interactable.cpp" />
    <ClCompile Include="src\menu.cpp" />
    <ClCompile Include="src\particle.cpp" />
    <ClCompile Include="src\platform.cpp" />
    <ClCompile Include="src\player.cpp" />
    <ClCompile Include="src\shop.cpp" />
    <ClCompile Include="src\silverStorage.cpp" />
    <ClCompile Include="src\window.cpp" />
  </ItemGroup>
  <ItemGroup>
    <ClInclude Include="include\animation.h" />
    <ClInclude Include="include\base.h" />
    <ClInclude Include="include\building.h" />
    <ClInclude Include="include\button.h" />
    <ClInclude Include="include\game.h" />
    <ClInclude Include="include\interactable.h" />
    <ClInclude Include="include\menu.h" />
    <ClInclude Include="include\particle.h" />
    <ClInclude Include="include\platform.h" />
    <ClInclude Include="include\player.h" />
    <ClInclude Include="include\save.h" />
    <ClInclude Include="include\shop.h" />
    <ClInclude Include="include\silverStorage.h" />
    <ClInclude Include="include\utility.h" />
    <ClInclude Include="include\vector.h" />
    <ClInclude Include="include\window.h" />
  </ItemGroup>
  <ItemGroup>
    <None Include="Makefile" />
    <None Include=".gitignore" />
    <None Include="res\data\buildings.json" />
    <None Include="res\data\buttons.json" />
    <None Include="res\data\menus.json" />
  </ItemGroup>
  <ItemGroup>
    <Text Include="save.txt" />
  </ItemGroup>
  <ItemGroup>
    <Image Include="res\buttons\buildingShop.png" />
    <Image Include="res\buttons\shop.png" />
    <Image Include="res\graphics\bgParticle.png" />
    <Image Include="res\graphics\oldBgParticle.png" />
    <Image Include="res\interactables\platform\idle.png" />
    <Image Include="res\interactables\silverStorage\idle.png" />
    <Image Include="res\shop\l1Bg.png" />
    <Image Include="res\shop\l2Bg.png" />
  </ItemGroup>
  <ItemGroup>
    <Font Include="res\font\font.ttf" />
  </ItemGroup>
</Project>